// !$*UTF8*$!
{
	archiveVersion = 1;
	classes = {
	};
	objectVersion = 46;
	objects = {

/* Begin PBXBuildFile section */
		9138FE101C44CE160016C03F /* libPushSDK-1.8.8.a in Frameworks */ = {isa = PBXBuildFile; fileRef = 9138FE0F1C44CE160016C03F /* libPushSDK-1.8.8.a */; };
		919F83301C44AB9D00D40C24 /* RCTJPush.h in CopyFiles */ = {isa = PBXBuildFile; fileRef = 919F832F1C44AB9D00D40C24 /* RCTJPush.h */; };
		919F83321C44AB9D00D40C24 /* RCTJPush.m in Sources */ = {isa = PBXBuildFile; fileRef = 919F83311C44AB9D00D40C24 /* RCTJPush.m */; };
/* End PBXBuildFile section */

/* Begin PBXCopyFilesBuildPhase section */
		919F832A1C44AB9D00D40C24 /* CopyFiles */ = {
			isa = PBXCopyFilesBuildPhase;
			buildActionMask = 2147483647;
			dstPath = "include/$(PRODUCT_NAME)";
			dstSubfolderSpec = 16;
			files = (
				919F83301C44AB9D00D40C24 /* RCTJPush.h in CopyFiles */,
			);
			runOnlyForDeploymentPostprocessing = 0;
		};
/* End PBXCopyFilesBuildPhase section */

/* Begin PBXFileReference section */
		9138FE0E1C44CE160016C03F /* APService.h */ = {isa = PBXFileReference; fileEncoding = 4; lastKnownFileType = sourcecode.c.h; path = APService.h; sourceTree = "<group>"; };
		9138FE0F1C44CE160016C03F /* libPushSDK-1.8.8.a */ = {isa = PBXFileReference; lastKnownFileType = archive.ar; path = "libPushSDK-1.8.8.a"; sourceTree = "<group>"; };
		919F832C1C44AB9D00D40C24 /* libRCTJPush.a */ = {isa = PBXFileReference; explicitFileType = archive.ar; includeInIndex = 0; path = libRCTJPush.a; sourceTree = BUILT_PRODUCTS_DIR; };
		919F832F1C44AB9D00D40C24 /* RCTJPush.h */ = {isa = PBXFileReference; lastKnownFileType = sourcecode.c.h; path = RCTJPush.h; sourceTree = "<group>"; };
		919F83311C44AB9D00D40C24 /* RCTJPush.m */ = {isa = PBXFileReference; lastKnownFileType = sourcecode.c.objc; path = RCTJPush.m; sourceTree = "<group>"; };
/* End PBXFileReference section */

/* Begin PBXFrameworksBuildPhase section */
		919F83291C44AB9D00D40C24 /* Frameworks */ = {
			isa = PBXFrameworksBuildPhase;
			buildActionMask = 2147483647;
			files = (
				9138FE101C44CE160016C03F /* libPushSDK-1.8.8.a in Frameworks */,
			);
			runOnlyForDeploymentPostprocessing = 0;
		};
/* End PBXFrameworksBuildPhase section */

/* Begin PBXGroup section */
		9138FE0D1C44CE160016C03F /* JPushSDK */ = {
			isa = PBXGroup;
			children = (
				9138FE0E1C44CE160016C03F /* APService.h */,
				9138FE0F1C44CE160016C03F /* libPushSDK-1.8.8.a */,
			);
			path = JPushSDK;
			sourceTree = "<group>";
		};
		919F83231C44AB9D00D40C24 = {
			isa = PBXGroup;
			children = (
				9138FE0D1C44CE160016C03F /* JPushSDK */,
				919F832E1C44AB9D00D40C24 /* RCTJPush */,
				919F832D1C44AB9D00D40C24 /* Products */,
			);
			sourceTree = "<group>";
		};
		919F832D1C44AB9D00D40C24 /* Products */ = {
			isa = PBXGroup;
			children = (
				919F832C1C44AB9D00D40C24 /* libRCTJPush.a */,
			);
			name = Products;
			sourceTree = "<group>";
		};
		919F832E1C44AB9D00D40C24 /* RCTJPush */ = {
			isa = PBXGroup;
			children = (
				919F832F1C44AB9D00D40C24 /* RCTJPush.h */,
				919F83311C44AB9D00D40C24 /* RCTJPush.m */,
			);
			path = RCTJPush;
			sourceTree = "<group>";
		};
/* End PBXGroup section */

/* Begin PBXNativeTarget section */
		919F832B1C44AB9D00D40C24 /* RCTJPush */ = {
			isa = PBXNativeTarget;
			buildConfigurationList = 919F83351C44AB9D00D40C24 /* Build configuration list for PBXNativeTarget "RCTJPush" */;
			buildPhases = (
				919F83281C44AB9D00D40C24 /* Sources */,
				919F83291C44AB9D00D40C24 /* Frameworks */,
				919F832A1C44AB9D00D40C24 /* CopyFiles */,
			);
			buildRules = (
			);
			dependencies = (
			);
			name = RCTJPush;
			productName = RCTJPush;
			productReference = 919F832C1C44AB9D00D40C24 /* libRCTJPush.a */;
			productType = "com.apple.product-type.library.static";
		};
/* End PBXNativeTarget section */

/* Begin PBXProject section */
		919F83241C44AB9D00D40C24 /* Project object */ = {
			isa = PBXProject;
			attributes = {
				LastUpgradeCheck = 0720;
				ORGANIZATIONNAME = erica;
				TargetAttributes = {
					919F832B1C44AB9D00D40C24 = {
						CreatedOnToolsVersion = 7.2;
					};
				};
			};
			buildConfigurationList = 919F83271C44AB9D00D40C24 /* Build configuration list for PBXProject "RCTJPush" */;
			compatibilityVersion = "Xcode 3.2";
			developmentRegion = English;
			hasScannedForEncodings = 0;
			knownRegions = (
				en,
			);
			mainGroup = 919F83231C44AB9D00D40C24;
			productRefGroup = 919F832D1C44AB9D00D40C24 /* Products */;
			projectDirPath = "";
			projectRoot = "";
			targets = (
				919F832B1C44AB9D00D40C24 /* RCTJPush */,
			);
		};
/* End PBXProject section */

/* Begin PBXSourcesBuildPhase section */
		919F83281C44AB9D00D40C24 /* Sources */ = {
			isa = PBXSourcesBuildPhase;
			buildActionMask = 2147483647;
			files = (
				919F83321C44AB9D00D40C24 /* RCTJPush.m in Sources */,
			);
			runOnlyForDeploymentPostprocessing = 0;
		};
/* End PBXSourcesBuildPhase section */

/* Begin XCBuildConfiguration section */
		919F83331C44AB9D00D40C24 /* Debug */ = {
			isa = XCBuildConfiguration;
			buildSettings = {
				ALWAYS_SEARCH_USER_PATHS = NO;
				CLANG_CXX_LANGUAGE_STANDARD = "gnu++0x";
				CLANG_CXX_LIBRARY = "libc++";
				CLANG_ENABLE_MODULES = YES;
				CLANG_ENABLE_OBJC_ARC = YES;
				CLANG_WARN_BOOL_CONVERSION = YES;
				CLANG_WARN_CONSTANT_CONVERSION = YES;
				CLANG_WARN_DIRECT_OBJC_ISA_USAGE = YES_ERROR;
				CLANG_WARN_EMPTY_BODY = YES;
				CLANG_WARN_ENUM_CONVERSION = YES;
				CLANG_WARN_INT_CONVERSION = YES;
				CLANG_WARN_OBJC_ROOT_CLASS = YES_ERROR;
				CLANG_WARN_UNREACHABLE_CODE = YES;
				CLANG_WARN__DUPLICATE_METHOD_MATCH = YES;
				"CODE_SIGN_IDENTITY[sdk=iphoneos*]" = "iPhone Developer";
				COPY_PHASE_STRIP = NO;
				DEBUG_INFORMATION_FORMAT = dwarf;
				ENABLE_STRICT_OBJC_MSGSEND = YES;
				ENABLE_TESTABILITY = YES;
				GCC_C_LANGUAGE_STANDARD = gnu99;
				GCC_DYNAMIC_NO_PIC = NO;
				GCC_NO_COMMON_BLOCKS = YES;
				GCC_OPTIMIZATION_LEVEL = 0;
				GCC_PREPROCESSOR_DEFINITIONS = (
					"DEBUG=1",
					"$(inherited)",
				);
				GCC_WARN_64_TO_32_BIT_CONVERSION = YES;
				GCC_WARN_ABOUT_RETURN_TYPE = YES_ERROR;
				GCC_WARN_UNDECLARED_SELECTOR = YES;
				GCC_WARN_UNINITIALIZED_AUTOS = YES_AGGRESSIVE;
				GCC_WARN_UNUSED_FUNCTION = YES;
				GCC_WARN_UNUSED_VARIABLE = YES;
				IPHONEOS_DEPLOYMENT_TARGET = 7.0;
				MTL_ENABLE_DEBUG_INFO = YES;
				ONLY_ACTIVE_ARCH = YES;
				SDKROOT = iphoneos;
			};
			name = Debug;
		};
		919F83341C44AB9D00D40C24 /* Release */ = {
			isa = XCBuildConfiguration;
			buildSettings = {
				ALWAYS_SEARCH_USER_PATHS = NO;
				CLANG_CXX_LANGUAGE_STANDARD = "gnu++0x";
				CLANG_CXX_LIBRARY = "libc++";
				CLANG_ENABLE_MODULES = YES;
				CLANG_ENABLE_OBJC_ARC = YES;
				CLANG_WARN_BOOL_CONVERSION = YES;
				CLANG_WARN_CONSTANT_CONVERSION = YES;
				CLANG_WARN_DIRECT_OBJC_ISA_USAGE = YES_ERROR;
				CLANG_WARN_EMPTY_BODY = YES;
				CLANG_WARN_ENUM_CONVERSION = YES;
				CLANG_WARN_INT_CONVERSION = YES;
				CLANG_WARN_OBJC_ROOT_CLASS = YES_ERROR;
				CLANG_WARN_UNREACHABLE_CODE = YES;
				CLANG_WARN__DUPLICATE_METHOD_MATCH = YES;
				"CODE_SIGN_IDENTITY[sdk=iphoneos*]" = "iPhone Developer";
				COPY_PHASE_STRIP = NO;
				DEBUG_INFORMATION_FORMAT = "dwarf-with-dsym";
				ENABLE_NS_ASSERTIONS = NO;
				ENABLE_STRICT_OBJC_MSGSEND = YES;
				GCC_C_LANGUAGE_STANDARD = gnu99;
				GCC_NO_COMMON_BLOCKS = YES;
				GCC_WARN_64_TO_32_BIT_CONVERSION = YES;
				GCC_WARN_ABOUT_RETURN_TYPE = YES_ERROR;
				GCC_WARN_UNDECLARED_SELECTOR = YES;
				GCC_WARN_UNINITIALIZED_AUTOS = YES_AGGRESSIVE;
				GCC_WARN_UNUSED_FUNCTION = YES;
				GCC_WARN_UNUSED_VARIABLE = YES;
				IPHONEOS_DEPLOYMENT_TARGET = 7.0;
				MTL_ENABLE_DEBUG_INFO = NO;
				SDKROOT = iphoneos;
				VALIDATE_PRODUCT = YES;
			};
			name = Release;
		};
		919F83361C44AB9D00D40C24 /* Debug */ = {
			isa = XCBuildConfiguration;
			buildSettings = {
				HEADER_SEARCH_PATHS = "$(SRCROOT)/../../react-native/React/**";
				LIBRARY_SEARCH_PATHS = (
					"$(inherited)",
					"$(PROJECT_DIR)/RCTJPushSDK",
					"$(PROJECT_DIR)/JPushSDK",
				);
				OTHER_LDFLAGS = "-ObjC";
				PRODUCT_NAME = "$(TARGET_NAME)";
				SKIP_INSTALL = YES;
			};
			name = Debug;
		};
		919F83371C44AB9D00D40C24 /* Release */ = {
			isa = XCBuildConfiguration;
			buildSettings = {
				HEADER_SEARCH_PATHS = "$(SRCROOT)/../../react-native/React/**";
				LIBRARY_SEARCH_PATHS = (
					"$(inherited)",
					"$(PROJECT_DIR)/RCTJPushSDK",
					"$(PROJECT_DIR)/JPushSDK",
				);
				OTHER_LDFLAGS = "-ObjC";
				PRODUCT_NAME = "$(TARGET_NAME)";
				SKIP_INSTALL = YES;
			};
			name = Release;
		};
/* End XCBuildConfiguration section */

/* Begin XCConfigurationList section */
		919F83271C44AB9D00D40C24 /* Build configuration list for PBXProject "RCTJPush" */ = {
			isa = XCConfigurationList;
			buildConfigurations = (
				919F83331C44AB9D00D40C24 /* Debug */,
				919F83341C44AB9D00D40C24 /* Release */,
			);
			defaultConfigurationIsVisible = 0;
			defaultConfigurationName = Release;
		};
		919F83351C44AB9D00D40C24 /* Build configuration list for PBXNativeTarget "RCTJPush" */ = {
			isa = XCConfigurationList;
			buildConfigurations = (
				919F83361C44AB9D00D40C24 /* Debug */,
				919F83371C44AB9D00D40C24 /* Release */,
			);
			defaultConfigurationIsVisible = 0;
			defaultConfigurationName = Release;
		};
/* End XCConfigurationList section */
	};
	rootObject = 919F83241C44AB9D00D40C24 /* Project object */;
}
